
Microsoft Visual Studio Solution File, Format Version 12.00
# Visual Studio 15
VisualStudioVersion = 15.0.28307.572
MinimumVisualStudioVersion = 10.0.40219.1
Project("{159641D6-6404-4A2A-AE62-294DE0FE8301}") = "stage", "stage\stage.dtproj", "{3A027408-53D4-47F5-9DF5-14A33363A8E0}"
EndProject
Global
	GlobalSection(SolutionConfigurationPlatforms) = preSolution
		Development|Default = Development|Default
	EndGlobalSection
	GlobalSection(ProjectConfigurationPlatforms) = postSolution
		{3A027408-53D4-47F5-9DF5-14A33363A8E0}.Development|Default.ActiveCfg = Development
		{3A027408-53D4-47F5-9DF5-14A33363A8E0}.Development|Default.Build.0 = Development
	EndGlobalSection
	GlobalSection(SolutionProperties) = preSolution
		HideSolutionNode = FALSE
	EndGlobalSection
	GlobalSection(ExtensibilityGlobals) = postSolution
		SolutionGuid = {0EF11A33-5F7F-4389-9787-A7E2340B97E0}
	EndGlobalSection
EndGlobal
