
Microsoft Visual Studio Solution File, Format Version 12.00
# Visual Studio 15
VisualStudioVersion = 15.0.28307.572
MinimumVisualStudioVersion = 10.0.40219.1
Project("{159641D6-6404-4A2A-AE62-294DE0FE8301}") = "SSISwarehouse", "warehouse\SSISwarehouse.dtproj", "{BD9F0971-0B06-4DC9-AA23-33DD81CFBBFF}"
EndProject
Global
	GlobalSection(SolutionConfigurationPlatforms) = preSolution
		Development|Default = Development|Default
	EndGlobalSection
	GlobalSection(ProjectConfigurationPlatforms) = postSolution
		{BD9F0971-0B06-4DC9-AA23-33DD81CFBBFF}.Development|Default.ActiveCfg = Development
		{BD9F0971-0B06-4DC9-AA23-33DD81CFBBFF}.Development|Default.Build.0 = Development
	EndGlobalSection
	GlobalSection(SolutionProperties) = preSolution
		HideSolutionNode = FALSE
	EndGlobalSection
	GlobalSection(ExtensibilityGlobals) = postSolution
		SolutionGuid = {F92D22BB-956C-4124-971F-7794B5BE69C9}
	EndGlobalSection
EndGlobal
